
Microsoft Visual Studio Solution File, Format Version 12.00
# Visual Studio Version 17
VisualStudioVersion = 17.10.34916.146
MinimumVisualStudioVersion = 10.0.40219.1
Project("{FAE04EC0-301F-11D3-BF4B-00C04F79EFBC}") = "consumint_student_api", "consumint_student_api\consumint_student_api.csproj", "{ED36319A-4960-4197-9BA2-0625F1DA49C8}"
EndProject
Global
	GlobalSection(SolutionConfigurationPlatforms) = preSolution
		Debug|Any CPU = Debug|Any CPU
		Release|Any CPU = Release|Any CPU
	EndGlobalSection
	GlobalSection(ProjectConfigurationPlatforms) = postSolution
		{ED36319A-4960-4197-9BA2-0625F1DA49C8}.Debug|Any CPU.ActiveCfg = Debug|Any CPU
		{ED36319A-4960-4197-9BA2-0625F1DA49C8}.Debug|Any CPU.Build.0 = Debug|Any CPU
		{ED36319A-4960-4197-9BA2-0625F1DA49C8}.Release|Any CPU.ActiveCfg = Release|Any CPU
		{ED36319A-4960-4197-9BA2-0625F1DA49C8}.Release|Any CPU.Build.0 = Release|Any CPU
	EndGlobalSection
	GlobalSection(SolutionProperties) = preSolution
		HideSolutionNode = FALSE
	EndGlobalSection
	GlobalSection(ExtensibilityGlobals) = postSolution
		SolutionGuid = {C47974FD-D625-480C-B6CC-C7B83DCD92D3}
	EndGlobalSection
EndGlobal
